# This file is autogenerated, do not edit; changes may be undone by the next 'dep ensure'.


[[projects]]
  branch = "master"
  name = "github.com/devopsfaith/krakend"
  packages = [
    "config",
    "core",
    "encoding",
    "logging",
    "proxy",
    "router",
    "router/gin",
    "sd"
  ]
  revision = "befc53b0722c2f68a0b64fc6ac627d40d5c25e84"

[[projects]]
  branch = "master"
  name = "github.com/devopsfaith/krakend-gologging"
  packages = ["."]
  revision = "96e1a9d5f586cac9b6ddb5de999527d64630181c"

[[projects]]
  branch = "master"
  name = "github.com/gin-contrib/sse"
  packages = ["."]
  revision = "22d885f9ecc78bf4ee5d72b937e4bbcdc58e8cae"

[[projects]]
  name = "github.com/gin-gonic/gin"
  packages = [
    ".",
    "binding",
    "render"
  ]
  revision = "d459835d2b077e44f7c9b453505ee29881d5d12d"
  version = "v1.2"

[[projects]]
  name = "github.com/golang/protobuf"
  packages = ["proto"]
  revision = "925541529c1fa6821df4e44ce2723319eb2be768"
  version = "v1.0.0"

[[projects]]
  name = "github.com/kpacha/gin-jwks"
  packages = [
    ".",
    "gin"
  ]
  revision = "26b8e24dd11e738b34eab138ef364d5ddcb747ff"
  version = "v1.0"

[[projects]]
  name = "github.com/lestrrat/go-jwx"
  packages = [
    "buffer",
    "internal/debug",
    "internal/emap",
    "jwa",
    "jwk",
    "jws",
    "jwt"
  ]
  revision = "b0efd7d3a697d78d8a761ab1e7d8855edfbd0cf6"

[[projects]]
  name = "github.com/mattn/go-isatty"
  packages = ["."]
  revision = "0360b2af4f38e8d38c7fce2a9f4e702702d73a39"
  version = "v0.0.3"

[[projects]]
  name = "github.com/newrelic/go-agent"
  packages = [
    ".",
    "_integrations/nrgin/v1",
    "internal",
    "internal/cat",
    "internal/jsonx",
    "internal/logger",
    "internal/sysinfo",
    "internal/utilization"
  ]
  revision = "f5bce3387232559bcbe6a5f8227c4bf508dac1ba"
  version = "v1.11.0"

[[projects]]
  name = "github.com/op/go-logging"
  packages = ["."]
  revision = "970db520ece77730c7e4724c61121037378659d9"

[[projects]]
  name = "github.com/pkg/errors"
  packages = ["."]
  revision = "645ef00459ed84a119197bfb8d8205042c6df63d"
  version = "v0.8.0"

[[projects]]
  name = "github.com/ugorji/go"
  packages = ["codec"]
  revision = "9831f2c3ac1068a78f50999a30db84270f647af6"
  version = "v1.1"

[[projects]]
  branch = "master"
  name = "golang.org/x/sys"
  packages = ["unix"]
  revision = "f6cff0780e542efa0c8e864dc8fa522808f6a598"

[[projects]]
  name = "gopkg.in/go-playground/validator.v8"
  packages = ["."]
  revision = "5f1438d3fca68893a817e4a66806cea46a9e4ebf"
  version = "v8.18.2"

[[projects]]
  name = "gopkg.in/yaml.v2"
  packages = ["."]
  revision = "7f97868eec74b32b0982dd158a51a446d1da7eb5"
  version = "v2.1.1"

[solve-meta]
  analyzer-name = "dep"
  analyzer-version = 1
  inputs-digest = "60a5ce4e5d21f702e08526166fd98cc926f14cf43819859d59abae54796930c7"
  solver-name = "gps-cdcl"
  solver-version = 1
